
Microsoft Visual Studio Solution File, Format Version 12.00
# Visual Studio Version 16
VisualStudioVersion = 16.0.30517.126
MinimumVisualStudioVersion = 10.0.40219.1
Project("{FAE04EC0-301F-11D3-BF4B-00C04F79EFBC}") = "UserApp", "UserApp\UserApp.csproj", "{929E06C4-E301-4F0F-BD9B-7B2BA3F9B930}"
EndProject
Global
	GlobalSection(SolutionConfigurationPlatforms) = preSolution
		Debug|Any CPU = Debug|Any CPU
		Release|Any CPU = Release|Any CPU
	EndGlobalSection
	GlobalSection(ProjectConfigurationPlatforms) = postSolution
		{929E06C4-E301-4F0F-BD9B-7B2BA3F9B930}.Debug|Any CPU.ActiveCfg = Debug|Any CPU
		{929E06C4-E301-4F0F-BD9B-7B2BA3F9B930}.Debug|Any CPU.Build.0 = Debug|Any CPU
		{929E06C4-E301-4F0F-BD9B-7B2BA3F9B930}.Release|Any CPU.ActiveCfg = Release|Any CPU
		{929E06C4-E301-4F0F-BD9B-7B2BA3F9B930}.Release|Any CPU.Build.0 = Release|Any CPU
	EndGlobalSection
	GlobalSection(SolutionProperties) = preSolution
		HideSolutionNode = FALSE
	EndGlobalSection
	GlobalSection(ExtensibilityGlobals) = postSolution
		SolutionGuid = {718D2EBC-ABD8-4D97-A04E-F3A101AD41ED}
	EndGlobalSection
EndGlobal
